github.com/fengdotdev/golibs-staticpages v0.0.0-20250124235938-b744af21f068 h1:vu3cxsDmqSfN4yvtoFzSMBeekFUDTQbG1p2IoeRGg+0=
github.com/fengdotdev/golibs-staticpages v0.0.0-20250124235938-b744af21f068/go.mod h1:FuRW3TGIRQnE5WrL3IyBrdQWIBrNN8m8yCNhnhOp2Uc=
github.com/fengdotdev/golibs-testing v0.0.3 h1:0Il7ru2epDdn5UW7VlKdNsXxlQgeOZQPRu8P6PgPV2U=
github.com/fengdotdev/golibs-testing v0.0.3/go.mod h1:tNJmVem0VTk/bkRvMyf7/QRrnWTe/CAnkPsb4dFimwY=
