github.com/fengdotdev/golibs-datacontainer v0.0.1 h1:FJfMH/MgAJGNjmFK5VHwVwwCx8o9vluVzq4grAdBOIw=
github.com/fengdotdev/golibs-datacontainer v0.0.1/go.mod h1:jPddkIUrpoLMTFzWAJF8qgfU8P8GzQ1UzGhcbYyFutc=
github.com/fengdotdev/golibs-options v0.0.0-20250124201328-b73033a21057 h1:Babq2J6HqtcW9dP+VU9Ykcztul2gshDK0XDmYbOqFoM=
github.com/fengdotdev/golibs-options v0.0.0-20250124201328-b73033a21057/go.mod h1:8TLUrgLf1sc38Dh7TWxPBdFGxGXl+3zDDWdqkI9Uw68=
github.com/fengdotdev/golibs-testing v0.0.3 h1:0Il7ru2epDdn5UW7VlKdNsXxlQgeOZQPRu8P6PgPV2U=
github.com/fengdotdev/golibs-testing v0.0.3/go.mod h1:tNJmVem0VTk/bkRvMyf7/QRrnWTe/CAnkPsb4dFimwY=
github.com/fengdotdev/golibs-traits v0.0.8 h1:X3KNYe9uxHpzLYZnzL91hXSuivxPWiOnu7crDQ0R/cA=
github.com/fengdotdev/golibs-traits v0.0.8/go.mod h1:w0o5r/fFRRLRvvvw3E++vNxS395Ur9kQzhgY66+/LWg=
github.com/google/uuid v1.6.0 h1:NIvaJDMOsjHA8n1jAhLSgzrAzy1Hgr+hNrb57e+94F0=
github.com/google/uuid v1.6.0/go.mod h1:TIyPZe4MgqvfeYDBFedMoGGpEw/LqOeaOT+nhxU+yHo=
